
Microsoft Visual Studio Solution File, Format Version 12.00
# Visual Studio Version 17
VisualStudioVersion = 17.4.33213.308
MinimumVisualStudioVersion = 10.0.40219.1
Project("{FAE04EC0-301F-11D3-BF4B-00C04F79EFBC}") = "ChallengeApp", "ChallengeApp\ChallengeApp.csproj", "{BB72596D-C206-4875-86EC-7319E3408854}"
EndProject
Global
	GlobalSection(SolutionConfigurationPlatforms) = preSolution
		Debug|Any CPU = Debug|Any CPU
		Release|Any CPU = Release|Any CPU
	EndGlobalSection
	GlobalSection(ProjectConfigurationPlatforms) = postSolution
		{BB72596D-C206-4875-86EC-7319E3408854}.Debug|Any CPU.ActiveCfg = Debug|Any CPU
		{BB72596D-C206-4875-86EC-7319E3408854}.Debug|Any CPU.Build.0 = Debug|Any CPU
		{BB72596D-C206-4875-86EC-7319E3408854}.Release|Any CPU.ActiveCfg = Release|Any CPU
		{BB72596D-C206-4875-86EC-7319E3408854}.Release|Any CPU.Build.0 = Release|Any CPU
	EndGlobalSection
	GlobalSection(SolutionProperties) = preSolution
		HideSolutionNode = FALSE
	EndGlobalSection
	GlobalSection(ExtensibilityGlobals) = postSolution
		SolutionGuid = {8A7F0767-F452-42C9-BEEC-40CADC328043}
	EndGlobalSection
EndGlobal
